<?xml version="1.0" encoding="utf-8"?>
<Project ToolsVersion="4.0" xmlns="http://schemas.microsoft.com/developer/msbuild/2003">
  <ItemGroup>
    <Filter Include="Skill">
      <UniqueIdentifier>{edfe78b9-131f-4302-adea-ae9f57bf8146}</UniqueIdentifier>
    </Filter>
    <Filter Include="Skill\PlayerPartner">
      <UniqueIdentifier>{eb04386e-feb0-4dbe-9aec-ceac1e1c1f37}</UniqueIdentifier>
    </Filter>
    <Filter Include="Skill\ThiefSkill">
      <UniqueIdentifier>{c45417a3-676b-4b2b-abd8-f44dffea23a4}</UniqueIdentifier>
    </Filter>
    <Filter Include="Character">
      <UniqueIdentifier>{3f21fe37-3874-45b6-afd6-bcbed4b07484}</UniqueIdentifier>
    </Filter>
    <Filter Include="ItemsAndEquipment">
      <UniqueIdentifier>{caffc10b-ef9b-4c14-8232-aaacff661d14}</UniqueIdentifier>
    </Filter>
    <Filter Include="World">
      <UniqueIdentifier>{22add355-5111-4b04-8090-ec1c52175aee}</UniqueIdentifier>
    </Filter>
    <Filter Include="Map">
      <UniqueIdentifier>{621220ec-a9d9-4a78-9304-dc2c59e37823}</UniqueIdentifier>
    </Filter>
    <Filter Include="Information">
      <UniqueIdentifier>{927c033b-33e8-4ec1-aadc-784d5e7e7c82}</UniqueIdentifier>
    </Filter>
    <Filter Include="Calculate">
      <UniqueIdentifier>{7410b776-9221-49c5-a37c-3822744767e0}</UniqueIdentifier>
    </Filter>
    <Filter Include="Protocol">
      <UniqueIdentifier>{11ead9d7-1245-4328-ae94-0826f0e1fc6c}</UniqueIdentifier>
    </Filter>
    <Filter Include="Script">
      <UniqueIdentifier>{212326bb-3d11-4ef6-b77b-b50c871ef007}</UniqueIdentifier>
    </Filter>
    <Filter Include="Script\ImmediacyScript">
      <UniqueIdentifier>{cd01113b-7ef0-4fba-b284-52596acb7113}</UniqueIdentifier>
    </Filter>
    <Filter Include="Script\StepByStepScript">
      <UniqueIdentifier>{5f4ff50b-c60c-4bbe-81a6-300c2e2384bb}</UniqueIdentifier>
    </Filter>
    <Filter Include="ViewaccessedByOutsideWorld">
      <UniqueIdentifier>{4c3c1203-dad5-4ef4-a278-cc9d01a9f732}</UniqueIdentifier>
    </Filter>
    <Filter Include="DatabaseRelate">
      <UniqueIdentifier>{1c3f2632-4099-4f6a-98f9-fb331ccfd521}</UniqueIdentifier>
    </Filter>
    <Filter Include="Scenes">
      <UniqueIdentifier>{a63240a4-31ed-48c0-a292-2ab174e5fef5}</UniqueIdentifier>
    </Filter>
    <Filter Include="Scenes\ObjectsAndObjectTrees">
      <UniqueIdentifier>{baa1ad37-e34f-4fdd-85f7-8739764b2f93}</UniqueIdentifier>
    </Filter>
    <Filter Include="GraphicReference">
      <UniqueIdentifier>{fdb0de2d-bae2-46d5-a05e-77b22cb51f68}</UniqueIdentifier>
    </Filter>
    <Filter Include="MagicProperties">
      <UniqueIdentifier>{4e842c72-4079-480a-b64c-ee939ba4c46d}</UniqueIdentifier>
    </Filter>
    <Filter Include="GMManagement">
      <UniqueIdentifier>{ad4cb870-6091-4d30-a6ce-5f503a160f88}</UniqueIdentifier>
    </Filter>
    <Filter Include="TaskRelated">
      <UniqueIdentifier>{7ae24a36-bdd3-467d-b188-777e356fb7a3}</UniqueIdentifier>
    </Filter>
    <Filter Include="Options">
      <UniqueIdentifier>{d5da4768-bca0-485b-a8c1-1a964b95831f}</UniqueIdentifier>
    </Filter>
    <Filter Include="Music">
      <UniqueIdentifier>{fc368187-538f-489d-8cf8-3339aa5cc02e}</UniqueIdentifier>
    </Filter>
    <Filter Include="Lib">
      <UniqueIdentifier>{11d86c03-8fac-40c9-bd85-12619917d8d5}</UniqueIdentifier>
    </Filter>
    <Filter Include="Lib\Release">
      <UniqueIdentifier>{62a6ed36-ae87-4fbc-9f06-d5cfd5244555}</UniqueIdentifier>
    </Filter>
    <Filter Include="Lib\Debug">
      <UniqueIdentifier>{8ba4c531-f0a9-4c9d-93d7-f4488d163c07}</UniqueIdentifier>
    </Filter>
    <Filter Include="Ranking">
      <UniqueIdentifier>{15546db6-8a09-4702-87ca-5fd5f218af26}</UniqueIdentifier>
    </Filter>
    <Filter Include="USBKey">
      <UniqueIdentifier>{03d1991f-5f72-4b98-a6d3-c3604b0053fa}</UniqueIdentifier>
    </Filter>
  </ItemGroup>
  <ItemGroup>
    <ClCompile Include="Src\KPartnerSkill.cpp">
      <Filter>Skill\PlayerPartner</Filter>
    </ClCompile>
    <ClCompile Include="Src\KPlayerPartner.cpp">
      <Filter>Skill\PlayerPartner</Filter>
    </ClCompile>
    <ClCompile Include="Src\KThiefSkill.cpp">
      <Filter>Skill\ThiefSkill</Filter>
    </ClCompile>
    <ClCompile Include="Src\KMissle.cpp">
      <Filter>Skill</Filter>
    </ClCompile>
    <ClCompile Include="Src\KMissleRes.cpp">
      <Filter>Skill</Filter>
    </ClCompile>
    <ClCompile Include="Src\KMissleSet.cpp">
      <Filter>Skill</Filter>
    </ClCompile>
    <ClCompile Include="Src\KSkillList.cpp">
      <Filter>Skill</Filter>
    </ClCompile>
    <ClCompile Include="Src\KSkillManager.cpp">
      <Filter>Skill</Filter>
    </ClCompile>
    <ClCompile Include="Src\KSkills.cpp">
      <Filter>Skill</Filter>
    </ClCompile>
    <ClCompile Include="Src\KSkillSpecial.cpp">
      <Filter>Skill</Filter>
    </ClCompile>
    <ClCompile Include="Src\Skill.cpp">
      <Filter>Skill</Filter>
    </ClCompile>
    <ClCompile Include="Src\KFaction.cpp">
      <Filter>Character</Filter>
    </ClCompile>
    <ClCompile Include="Src\KGameData.cpp">
      <Filter>Character</Filter>
    </ClCompile>
    <ClCompile Include="Src\KNpc.cpp">
      <Filter>Character</Filter>
    </ClCompile>
    <ClCompile Include="Src\KNpcAI.cpp">
      <Filter>Character</Filter>
    </ClCompile>
    <ClCompile Include="Src\KNpcAttribModify.cpp">
      <Filter>Character</Filter>
    </ClCompile>
    <ClCompile Include="Src\KNpcDeathCalcExp.cpp">
      <Filter>Character</Filter>
    </ClCompile>
    <ClCompile Include="Src\KNpcFindPath.cpp">
      <Filter>Character</Filter>
    </ClCompile>
    <ClCompile Include="Src\KNpcRes.cpp">
      <Filter>Character</Filter>
    </ClCompile>
    <ClCompile Include="Src\KNpcResList.cpp">
      <Filter>Character</Filter>
    </ClCompile>
    <ClCompile Include="Src\KNpcResNode.cpp">
      <Filter>Character</Filter>
    </ClCompile>
    <ClCompile Include="Src\KNpcSet.cpp">
      <Filter>Character</Filter>
    </ClCompile>
    <ClCompile Include="Src\KNpcTemplate.cpp">
      <Filter>Character</Filter>
    </ClCompile>
    <ClCompile Include="Src\KPlayer.cpp">
      <Filter>Character</Filter>
    </ClCompile>
    <ClCompile Include="Src\KPlayerAI.cpp">
      <Filter>Character</Filter>
    </ClCompile>
    <ClCompile Include="Src\KPlayerChat.cpp">
      <Filter>Character</Filter>
    </ClCompile>
    <ClCompile Include="Src\KPlayerChatRoom.cpp">
      <Filter>Character</Filter>
    </ClCompile>
    <ClCompile Include="Src\KPlayerDBFuns.cpp">
      <Filter>Character</Filter>
    </ClCompile>
    <ClCompile Include="Src\KPlayerFaction.cpp">
      <Filter>Character</Filter>
    </ClCompile>
    <ClCompile Include="Src\KPlayerMenuState.cpp">
      <Filter>Character</Filter>
    </ClCompile>
    <ClCompile Include="Src\KPlayerPK.cpp">
      <Filter>Character</Filter>
    </ClCompile>
    <ClCompile Include="Src\KPlayerSet.cpp">
      <Filter>Character</Filter>
    </ClCompile>
    <ClCompile Include="Src\KPlayerTask.cpp">
      <Filter>Character</Filter>
    </ClCompile>
    <ClCompile Include="Src\KPlayerTeam.cpp">
      <Filter>Character</Filter>
    </ClCompile>
    <ClCompile Include="Src\KPlayerTong.cpp">
      <Filter>Character</Filter>
    </ClCompile>
    <ClCompile Include="Src\KPlayerTrade.cpp">
      <Filter>Character</Filter>
    </ClCompile>
    <ClCompile Include="Src\KSprControl.cpp">
      <Filter>Character</Filter>
    </ClCompile>
    <ClCompile Include="Src\KTongData.cpp">
      <Filter>Character</Filter>
    </ClCompile>
    <ClCompile Include="Src\KBasPropTbl.CPP">
      <Filter>ItemsAndEquipment</Filter>
    </ClCompile>
    <ClCompile Include="Src\KBuySell.cpp">
      <Filter>ItemsAndEquipment</Filter>
    </ClCompile>
    <ClCompile Include="Src\KInventory.cpp">
      <Filter>ItemsAndEquipment</Filter>
    </ClCompile>
    <ClCompile Include="Src\KItem.cpp">
      <Filter>ItemsAndEquipment</Filter>
    </ClCompile>
    <ClCompile Include="Src\KItemChangeRes.cpp">
      <Filter>ItemsAndEquipment</Filter>
    </ClCompile>
    <ClCompile Include="Src\KItemGenerator.CPP">
      <Filter>ItemsAndEquipment</Filter>
    </ClCompile>
    <ClCompile Include="Src\KItemList.cpp">
      <Filter>ItemsAndEquipment</Filter>
    </ClCompile>
    <ClCompile Include="Src\KItemSet.cpp">
      <Filter>ItemsAndEquipment</Filter>
    </ClCompile>
    <ClCompile Include="Src\KObj.cpp">
      <Filter>ItemsAndEquipment</Filter>
    </ClCompile>
    <ClCompile Include="Src\KObjSet.cpp">
      <Filter>ItemsAndEquipment</Filter>
    </ClCompile>
    <ClCompile Include="Src\KSellItem.cpp">
      <Filter>ItemsAndEquipment</Filter>
    </ClCompile>
    <ClCompile Include="Src\KViewItem.cpp">
      <Filter>ItemsAndEquipment</Filter>
    </ClCompile>
    <ClCompile Include="Src\KCore.cpp">
      <Filter>World</Filter>
    </ClCompile>
    <ClCompile Include="Src\KSubWorld.cpp">
      <Filter>World</Filter>
    </ClCompile>
    <ClCompile Include="Src\KSubWorldSet.cpp">
      <Filter>World</Filter>
    </ClCompile>
    <ClCompile Include="Src\KWeatherMgr.cpp">
      <Filter>World</Filter>
    </ClCompile>
    <ClCompile Include="Src\KRegion.cpp">
      <Filter>Map</Filter>
    </ClCompile>
    <ClCompile Include="Src\KWorldMsg.cpp">
      <Filter>Information</Filter>
    </ClCompile>
    <ClCompile Include="Src\KMath.cpp">
      <Filter>Calculate</Filter>
    </ClCompile>
    <ClCompile Include="Src\KGMProcess.cpp">
      <Filter>Protocol</Filter>
    </ClCompile>
    <ClCompile Include="Src\KNewProtocolProcess.cpp">
      <Filter>Protocol</Filter>
    </ClCompile>
    <ClCompile Include="Src\KProtocol.cpp">
      <Filter>Protocol</Filter>
    </ClCompile>
    <ClCompile Include="Src\KProtocolProcess.cpp">
      <Filter>Protocol</Filter>
    </ClCompile>
    <ClCompile Include="Src\ScriptFuns.cpp">
      <Filter>Script\ImmediacyScript</Filter>
    </ClCompile>
    <ClCompile Include="Src\LuaFuns.cpp">
      <Filter>Script\StepByStepScript</Filter>
    </ClCompile>
    <ClCompile Include="Src\KScriptValueSet.cpp">
      <Filter>Script</Filter>
    </ClCompile>
    <ClCompile Include="Src\KSortScript.cpp">
      <Filter>Script</Filter>
    </ClCompile>
    <ClCompile Include="src\CoreServerShell.cpp">
      <Filter>ViewaccessedByOutsideWorld</Filter>
    </ClCompile>
    <ClCompile Include="Src\CoreShell.cpp">
      <Filter>ViewaccessedByOutsideWorld</Filter>
    </ClCompile>
    <ClCompile Include="Src\Scene\KIpotBranch.cpp">
      <Filter>Scenes\ObjectsAndObjectTrees</Filter>
    </ClCompile>
    <ClCompile Include="Src\Scene\KIpotLeaf.cpp">
      <Filter>Scenes\ObjectsAndObjectTrees</Filter>
    </ClCompile>
    <ClCompile Include="Src\Scene\KIpoTree.cpp">
      <Filter>Scenes\ObjectsAndObjectTrees</Filter>
    </ClCompile>
    <ClCompile Include="Src\Scene\KScenePlaceC.cpp">
      <Filter>Scenes</Filter>
    </ClCompile>
    <ClCompile Include="Src\Scene\KScenePlaceRegionC.cpp">
      <Filter>Scenes</Filter>
    </ClCompile>
    <ClCompile Include="Src\Scene\KWeather.cpp">
      <Filter>Scenes</Filter>
    </ClCompile>
    <ClCompile Include="Src\Scene\SceneMath.cpp">
      <Filter>Scenes</Filter>
    </ClCompile>
    <ClCompile Include="Src\Scene\ScenePlaceMapC.cpp">
      <Filter>Scenes</Filter>
    </ClCompile>
    <ClCompile Include="Src\CoreDrawGameObj.cpp">
      <Filter>GraphicReference</Filter>
    </ClCompile>
    <ClCompile Include="Src\ImgRef.cpp">
      <Filter>GraphicReference</Filter>
    </ClCompile>
    <ClCompile Include="Src\KMagicDesc.cpp">
      <Filter>MagicProperties</Filter>
    </ClCompile>
    <ClCompile Include="Src\KGMCommand.cpp">
      <Filter>GMManagement</Filter>
    </ClCompile>
    <ClCompile Include="Src\KMission.cpp">
      <Filter>TaskRelated</Filter>
    </ClCompile>
    <ClCompile Include="Src\KTaskFuns.cpp">
      <Filter>TaskRelated</Filter>
    </ClCompile>
    <ClCompile Include="Src\KOption.cpp">
      <Filter>Options</Filter>
    </ClCompile>
    <ClCompile Include="Src\KMapMusic.cpp">
      <Filter>Music</Filter>
    </ClCompile>
    <ClCompile Include="Src\KLadder.cpp">
      <Filter>Ranking</Filter>
    </ClCompile>
    <ClCompile Include="Src\stdafx.cpp" />
  </ItemGroup>
  <ItemGroup>
    <ClInclude Include="Src\KPartnerSkill.h">
      <Filter>Skill\PlayerPartner</Filter>
    </ClInclude>
    <ClInclude Include="Src\KPlayerPartner.h">
      <Filter>Skill\PlayerPartner</Filter>
    </ClInclude>
    <ClInclude Include="Src\KThiefSkill.h">
      <Filter>Skill\ThiefSkill</Filter>
    </ClInclude>
    <ClInclude Include="Src\KMissle.h">
      <Filter>Skill</Filter>
    </ClInclude>
    <ClInclude Include="Src\KMissleMagicAttribsData.h">
      <Filter>Skill</Filter>
    </ClInclude>
    <ClInclude Include="Src\KMissleRes.h">
      <Filter>Skill</Filter>
    </ClInclude>
    <ClInclude Include="Src\KMissleSet.h">
      <Filter>Skill</Filter>
    </ClInclude>
    <ClInclude Include="Src\KSkillList.h">
      <Filter>Skill</Filter>
    </ClInclude>
    <ClInclude Include="Src\KSkillManager.h">
      <Filter>Skill</Filter>
    </ClInclude>
    <ClInclude Include="Src\KSkills.h">
      <Filter>Skill</Filter>
    </ClInclude>
    <ClInclude Include="Src\KSkillSpecial.h">
      <Filter>Skill</Filter>
    </ClInclude>
    <ClInclude Include="Src\Skill.h">
      <Filter>Skill</Filter>
    </ClInclude>
    <ClInclude Include="Src\SkillDef.h">
      <Filter>Skill</Filter>
    </ClInclude>
    <ClInclude Include="Src\KFaction.h">
      <Filter>Character</Filter>
    </ClInclude>
    <ClInclude Include="Src\KGameData.h">
      <Filter>Character</Filter>
    </ClInclude>
    <ClInclude Include="Src\KNpc.h">
      <Filter>Character</Filter>
    </ClInclude>
    <ClInclude Include="Src\KNpcAI.h">
      <Filter>Character</Filter>
    </ClInclude>
    <ClInclude Include="Src\KNpcAttribModify.h">
      <Filter>Character</Filter>
    </ClInclude>
    <ClInclude Include="Src\KNpcDeathCalcExp.h">
      <Filter>Character</Filter>
    </ClInclude>
    <ClInclude Include="Src\KNpcFindPath.h">
      <Filter>Character</Filter>
    </ClInclude>
    <ClInclude Include="Src\KNpcRes.h">
      <Filter>Character</Filter>
    </ClInclude>
    <ClInclude Include="Src\KNpcResList.h">
      <Filter>Character</Filter>
    </ClInclude>
    <ClInclude Include="Src\KNpcResNode.h">
      <Filter>Character</Filter>
    </ClInclude>
    <ClInclude Include="Src\KNpcSet.h">
      <Filter>Character</Filter>
    </ClInclude>
    <ClInclude Include="Src\KNpcTemplate.h">
      <Filter>Character</Filter>
    </ClInclude>
    <ClInclude Include="Src\KPlayer.h">
      <Filter>Character</Filter>
    </ClInclude>
    <ClInclude Include="Src\KPlayerAI.h">
      <Filter>Character</Filter>
    </ClInclude>
    <ClInclude Include="Src\KPlayerChat.h">
      <Filter>Character</Filter>
    </ClInclude>
    <ClInclude Include="Src\KPlayerChatRoom.h">
      <Filter>Character</Filter>
    </ClInclude>
    <ClInclude Include="Src\KPlayerDef.h">
      <Filter>Character</Filter>
    </ClInclude>
    <ClInclude Include="Src\KPlayerFaction.h">
      <Filter>Character</Filter>
    </ClInclude>
    <ClInclude Include="Src\KPlayerMenuState.h">
      <Filter>Character</Filter>
    </ClInclude>
    <ClInclude Include="Src\KPlayerPK.h">
      <Filter>Character</Filter>
    </ClInclude>
    <ClInclude Include="Src\KPlayerSet.h">
      <Filter>Character</Filter>
    </ClInclude>
    <ClInclude Include="Src\KPlayerTask.h">
      <Filter>Character</Filter>
    </ClInclude>
    <ClInclude Include="Src\KPlayerTeam.h">
      <Filter>Character</Filter>
    </ClInclude>
    <ClInclude Include="Src\KPlayerTong.h">
      <Filter>Character</Filter>
    </ClInclude>
    <ClInclude Include="Src\KPlayerTrade.h">
      <Filter>Character</Filter>
    </ClInclude>
    <ClInclude Include="Src\KSprControl.h">
      <Filter>Character</Filter>
    </ClInclude>
    <ClInclude Include="Src\KTongData.h">
      <Filter>Character</Filter>
    </ClInclude>
    <ClInclude Include="Src\KBasPropTbl.h">
      <Filter>ItemsAndEquipment</Filter>
    </ClInclude>
    <ClInclude Include="Src\KBuySell.h">
      <Filter>ItemsAndEquipment</Filter>
    </ClInclude>
    <ClInclude Include="Src\KInventory.h">
      <Filter>ItemsAndEquipment</Filter>
    </ClInclude>
    <ClInclude Include="Src\KItem.h">
      <Filter>ItemsAndEquipment</Filter>
    </ClInclude>
    <ClInclude Include="Src\KItemChangeRes.h">
      <Filter>ItemsAndEquipment</Filter>
    </ClInclude>
    <ClInclude Include="Src\KItemGenerator.h">
      <Filter>ItemsAndEquipment</Filter>
    </ClInclude>
    <ClInclude Include="Src\KItemList.h">
      <Filter>ItemsAndEquipment</Filter>
    </ClInclude>
    <ClInclude Include="Src\KItemSet.h">
      <Filter>ItemsAndEquipment</Filter>
    </ClInclude>
    <ClInclude Include="Src\KObj.h">
      <Filter>ItemsAndEquipment</Filter>
    </ClInclude>
    <ClInclude Include="Src\KObjSet.h">
      <Filter>ItemsAndEquipment</Filter>
    </ClInclude>
    <ClInclude Include="Src\KSellItem.h">
      <Filter>ItemsAndEquipment</Filter>
    </ClInclude>
    <ClInclude Include="Src\KViewItem.h">
      <Filter>ItemsAndEquipment</Filter>
    </ClInclude>
    <ClInclude Include="Src\MyAssert.H">
      <Filter>ItemsAndEquipment</Filter>
    </ClInclude>
    <ClInclude Include="Src\KCore.h">
      <Filter>World</Filter>
    </ClInclude>
    <ClInclude Include="Src\KSubWorld.h">
      <Filter>World</Filter>
    </ClInclude>
    <ClInclude Include="Src\KSubWorldSet.h">
      <Filter>World</Filter>
    </ClInclude>
    <ClInclude Include="Src\KWeatherMgr.h">
      <Filter>World</Filter>
    </ClInclude>
    <ClInclude Include="Src\KRegion.h">
      <Filter>Map</Filter>
    </ClInclude>
    <ClInclude Include="Src\KWorldMsg.h">
      <Filter>Information</Filter>
    </ClInclude>
    <ClInclude Include="Src\KMath.h">
      <Filter>Calculate</Filter>
    </ClInclude>
    <ClInclude Include="Src\KNewProtocolProcess.h">
      <Filter>Protocol</Filter>
    </ClInclude>
    <ClInclude Include="..\..\Headers\KProtocolDef.h">
      <Filter>Protocol</Filter>
    </ClInclude>
    <ClInclude Include="Src\KProtocolProcess.h">
      <Filter>Protocol</Filter>
    </ClInclude>
    <ClInclude Include="Src\KScriptValueSet.h">
      <Filter>Script</Filter>
    </ClInclude>
    <ClInclude Include="Src\KSortScript.h">
      <Filter>Script</Filter>
    </ClInclude>
    <ClInclude Include="Src\LuaFuns.h">
      <Filter>Script</Filter>
    </ClInclude>
    <ClInclude Include="Src\CoreObjGenreDef.h">
      <Filter>ViewaccessedByOutsideWorld</Filter>
    </ClInclude>
    <ClInclude Include="Src\CoreServerDataDef.h">
      <Filter>ViewaccessedByOutsideWorld</Filter>
    </ClInclude>
    <ClInclude Include="src\CoreServerShell.h">
      <Filter>ViewaccessedByOutsideWorld</Filter>
    </ClInclude>
    <ClInclude Include="Src\CoreShell.h">
      <Filter>ViewaccessedByOutsideWorld</Filter>
    </ClInclude>
    <ClInclude Include="Src\CoreUseNameDef.h">
      <Filter>ViewaccessedByOutsideWorld</Filter>
    </ClInclude>
    <ClInclude Include="Src\GameDataDef.h">
      <Filter>ViewaccessedByOutsideWorld</Filter>
    </ClInclude>
    <ClInclude Include="Src\KIndexNode.h">
      <Filter>ViewaccessedByOutsideWorld</Filter>
    </ClInclude>
    <ClInclude Include="Src\MsgGenreDef.h">
      <Filter>ViewaccessedByOutsideWorld</Filter>
    </ClInclude>
    <ClInclude Include="..\..\Lib\S3DBInterface.h">
      <Filter>DatabaseRelate</Filter>
    </ClInclude>
    <ClInclude Include="Src\Scene\KIpotBranch.h">
      <Filter>Scenes\ObjectsAndObjectTrees</Filter>
    </ClInclude>
    <ClInclude Include="Src\Scene\KIpotLeaf.h">
      <Filter>Scenes\ObjectsAndObjectTrees</Filter>
    </ClInclude>
    <ClInclude Include="Src\Scene\KIpoTree.h">
      <Filter>Scenes\ObjectsAndObjectTrees</Filter>
    </ClInclude>
    <ClInclude Include="Src\Scene\KScenePlaceC.h">
      <Filter>Scenes</Filter>
    </ClInclude>
    <ClInclude Include="Src\Scene\KScenePlaceRegionC.h">
      <Filter>Scenes</Filter>
    </ClInclude>
    <ClInclude Include="Src\Scene\KWeather.h">
      <Filter>Scenes</Filter>
    </ClInclude>
    <ClInclude Include="Src\Scene\ObstacleDef.h">
      <Filter>Scenes</Filter>
    </ClInclude>
    <ClInclude Include="Src\Scene\SceneDataDef.h">
      <Filter>Scenes</Filter>
    </ClInclude>
    <ClInclude Include="Src\Scene\SceneMath.h">
      <Filter>Scenes</Filter>
    </ClInclude>
    <ClInclude Include="Src\Scene\ScenePlaceMapC.h">
      <Filter>Scenes</Filter>
    </ClInclude>
    <ClInclude Include="Src\CoreDrawGameObj.h">
      <Filter>GraphicReference</Filter>
    </ClInclude>
    <ClInclude Include="Src\ImgRef.h">
      <Filter>GraphicReference</Filter>
    </ClInclude>
    <ClInclude Include="Src\KMagicAttrib.h">
      <Filter>MagicProperties</Filter>
    </ClInclude>
    <ClInclude Include="Src\KMagicDesc.h">
      <Filter>MagicProperties</Filter>
    </ClInclude>
    <ClInclude Include="Src\KGMCommand.h">
      <Filter>GMManagement</Filter>
    </ClInclude>
    <ClInclude Include="Src\KLinkArrayTemplate.h">
      <Filter>TaskRelated</Filter>
    </ClInclude>
    <ClInclude Include="Src\KMission.h">
      <Filter>TaskRelated</Filter>
    </ClInclude>
    <ClInclude Include="Src\KMissionArray.h">
      <Filter>TaskRelated</Filter>
    </ClInclude>
    <ClInclude Include="Src\KTaskFuns.h">
      <Filter>TaskRelated</Filter>
    </ClInclude>
    <ClInclude Include="Src\KOption.h">
      <Filter>Options</Filter>
    </ClInclude>
    <ClInclude Include="Src\KMapMusic.h">
      <Filter>Music</Filter>
    </ClInclude>
    <ClInclude Include="Src\KLadder.h">
      <Filter>Ranking</Filter>
    </ClInclude>
    <ClInclude Include="Src\USBKey\des.h">
      <Filter>USBKey</Filter>
    </ClInclude>
    <ClInclude Include="Src\USBKey\EPASSAPI.H">
      <Filter>USBKey</Filter>
    </ClInclude>
    <ClInclude Include="Src\USBKey\epsJO.h">
      <Filter>USBKey</Filter>
    </ClInclude>
    <ClInclude Include="Src\USBKey\MD5.H">
      <Filter>USBKey</Filter>
    </ClInclude>
    <ClInclude Include="Src\KProtocol.h" />
  </ItemGroup>
  <ItemGroup>
    <Text Include="Src\PlayerPartnerÎÄµµ.txt">
      <Filter>Skill\PlayerPartner</Filter>
    </Text>
    <Text Include="Src\¼¼ÄÜÏµÍ³.txt">
      <Filter>Skill</Filter>
    </Text>
    <Text Include="Src\AIÉè¼Æ.txt">
      <Filter>Character</Filter>
    </Text>
    <Text Include="Src\NPCÏµÍ³.txt">
      <Filter>Character</Filter>
    </Text>
    <Text Include="Src\½Å±¾ËµÃ÷.txt">
      <Filter>Script</Filter>
    </Text>
    <Text Include="Src\ÈÎÎñÏµÍ³Éè¼ÆÎÄµµ.txt">
      <Filter>TaskRelated</Filter>
    </Text>
  </ItemGroup>
  <ItemGroup>
    <Library Include="..\..\Lib\release\engine.lib">
      <Filter>Lib\Release</Filter>
    </Library>
    <Library Include="..\..\Lib\release\common.lib">
      <Filter>Lib\Release</Filter>
    </Library>
    <Library Include="..\..\Lib\debug\engine.lib">
      <Filter>Lib\Debug</Filter>
    </Library>
    <Library Include="..\..\Lib\debug\common.lib">
      <Filter>Lib\Debug</Filter>
    </Library>
    <Library Include="Src\USBKey\EP1KDL20.LIB">
      <Filter>USBKey</Filter>
    </Library>
    <Library Include="Src\USBKey\EpsForJoLib.lib">
      <Filter>USBKey</Filter>
    </Library>
  </ItemGroup>
  <ItemGroup>
    <CustomBuild Include="Protocol.xls">
      <Filter>Protocol</Filter>
    </CustomBuild>
  </ItemGroup>
</Project>