<?xml version="1.0" encoding="utf-8"?>
<Project ToolsVersion="4.0" xmlns="http://schemas.microsoft.com/developer/msbuild/2003">
  <ItemGroup>
    <Filter Include="Source Files">
      <UniqueIdentifier>{d220ff86-2e94-4e49-ae92-9e086a56468d}</UniqueIdentifier>
      <Extensions>cpp;c;cxx;rc;def;r;odl;idl;hpj;bat</Extensions>
    </Filter>
    <Filter Include="Header Files">
      <UniqueIdentifier>{e6291741-f2ac-4149-b47d-165706b08011}</UniqueIdentifier>
      <Extensions>h;hpp;hxx;hm;inl</Extensions>
    </Filter>
  </ItemGroup>
  <ItemGroup>
    <ClCompile Include="FilterText.cpp">
      <Filter>Source Files</Filter>
    </ClCompile>
    <ClCompile Include="Regexp.cpp">
      <Filter>Source Files</Filter>
    </ClCompile>
  </ItemGroup>
  <ItemGroup>
    <ClInclude Include="FilterText.h">
      <Filter>Header Files</Filter>
    </ClInclude>
    <ClInclude Include="Regexp.h">
      <Filter>Header Files</Filter>
    </ClInclude>
  </ItemGroup>
</Project>