<?xml version="1.0" encoding="utf-8"?>
<Project ToolsVersion="4.0" xmlns="http://schemas.microsoft.com/developer/msbuild/2003">
  <ItemGroup>
    <Filter Include="Source Files">
      <UniqueIdentifier>{11001b2e-24a7-4947-929f-ef13c2c9a5ba}</UniqueIdentifier>
      <Extensions>cpp;c;cxx;rc;def;r;odl;idl;hpj;bat</Extensions>
    </Filter>
    <Filter Include="Header Files">
      <UniqueIdentifier>{4fc2c25d-7b85-44f6-ad57-2f51fd0c5459}</UniqueIdentifier>
      <Extensions>h;hpp;hxx;hm;inl</Extensions>
    </Filter>
    <Filter Include="Lib">
      <UniqueIdentifier>{2e641528-0f91-48ef-8c3a-cf1096aa46e6}</UniqueIdentifier>
    </Filter>
    <Filter Include="Lib\debug">
      <UniqueIdentifier>{69f6aab6-1b9e-4ce4-8218-400baaab781d}</UniqueIdentifier>
    </Filter>
    <Filter Include="Lib\release">
      <UniqueIdentifier>{aabf750d-4a26-4071-b95c-71e9845f8dc5}</UniqueIdentifier>
    </Filter>
    <Filter Include="Resource Files">
      <UniqueIdentifier>{4b97b6c2-3ff4-4920-9941-637cda662b26}</UniqueIdentifier>
      <Extensions>ico;cur;bmp;dlg;rc2;rct;bin;rgs;gif;jpg;jpeg;jpe</Extensions>
    </Filter>
  </ItemGroup>
  <ItemGroup>
    <ClCompile Include="GameServer.cpp">
      <Filter>Source Files</Filter>
    </ClCompile>
    <ClCompile Include="KSOServer.cpp">
      <Filter>Source Files</Filter>
    </ClCompile>
    <ClCompile Include="KTransferUnit.cpp">
      <Filter>Source Files</Filter>
    </ClCompile>
    <ClCompile Include="StdAfx.cpp">
      <Filter>Source Files</Filter>
    </ClCompile>
  </ItemGroup>
  <ItemGroup>
    <ClInclude Include="..\..\..\Headers\KRelayProtocol.h">
      <Filter>Header Files</Filter>
    </ClInclude>
    <ClInclude Include="KSOServer.h">
      <Filter>Header Files</Filter>
    </ClInclude>
    <ClInclude Include="KTransferUnit.h">
      <Filter>Header Files</Filter>
    </ClInclude>
    <ClInclude Include="StdAfx.h">
      <Filter>Header Files</Filter>
    </ClInclude>
  </ItemGroup>
  <ItemGroup>
    <Library Include="..\..\..\Lib\debug\engine.lib">
      <Filter>Lib\debug</Filter>
    </Library>
    <Library Include="..\..\..\Lib\debug\CoreServer.lib">
      <Filter>Lib\debug</Filter>
    </Library>
    <Library Include="..\..\..\Lib\debug\common.lib">
      <Filter>Lib\debug</Filter>
    </Library>
    <Library Include="..\..\..\Lib\release\engine.lib">
      <Filter>Lib\release</Filter>
    </Library>
    <Library Include="..\..\..\Lib\release\CoreServer.lib">
      <Filter>Lib\release</Filter>
    </Library>
    <Library Include="..\..\..\Lib\release\common.lib">
      <Filter>Lib\release</Filter>
    </Library>
  </ItemGroup>
  <ItemGroup>
    <Text Include="ReadMe.txt" />
  </ItemGroup>
</Project>