
Microsoft Visual Studio Solution File, Format Version 12.00
# Visual Studio Version 16
VisualStudioVersion = 16.0.36631.11
MinimumVisualStudioVersion = 10.0.40219.1
Project("{8BC9CEB8-8B4A-11D0-8D11-00A0C91BC942}") = "Bishop", "MultiServer\Bishop\Bishop.vcxproj", "{BC92B4D8-A121-4ACB-A6BB-CEB21F8C0347}"
EndProject
Project("{8BC9CEB8-8B4A-11D0-8D11-00A0C91BC942}") = "Common", "MultiServer\Common\Common.vcxproj", "{C87A9AB9-8048-4559-BB88-C61DACE91865}"
EndProject
Project("{8BC9CEB8-8B4A-11D0-8D11-00A0C91BC942}") = "Core", "Core\Core.vcxproj", "{C547D874-E39B-4708-81AE-693ACDE647A3}"
EndProject
Project("{8BC9CEB8-8B4A-11D0-8D11-00A0C91BC942}") = "Engine", "Engine\Engine.vcxproj", "{D397A4DB-8304-421C-9970-4AB3D7000292}"
EndProject
Project("{8BC9CEB8-8B4A-11D0-8D11-00A0C91BC942}") = "ExpandPackage", "ExpandPackage2.0\ExpandPackage.vcxproj", "{64A8C0F1-35E8-42A2-B2D5-6C416AC8BD9F}"
EndProject
Project("{8BC9CEB8-8B4A-11D0-8D11-00A0C91BC942}") = "ExpandPackageStaticLib", "ExpandPackageStaticLib\ExpandPackageStaticLib.vcxproj", "{EB4D61E1-971B-42D5-92F4-FEC0B7667894}"
EndProject
Project("{8BC9CEB8-8B4A-11D0-8D11-00A0C91BC942}") = "FilterText", "FilterText\FilterText.vcxproj", "{D0694C89-7CD1-4D2D-B1BB-2C207D319516}"
EndProject
Project("{8BC9CEB8-8B4A-11D0-8D11-00A0C91BC942}") = "FilterText_StaticLib", "FilterText\FilterText_StaticLib.vcxproj", "{5E55DAC3-89B7-4FA1-BAD7-C67A846C4B61}"
EndProject
Project("{8BC9CEB8-8B4A-11D0-8D11-00A0C91BC942}") = "GameServer", "MultiServer\GameServer\GameServer.vcxproj", "{33853E6B-F50E-4E64-AB8A-5A9FDEC55637}"
EndProject
Project("{8BC9CEB8-8B4A-11D0-8D11-00A0C91BC942}") = "Goddess", "MultiServer\Goddess\Goddess.vcxproj", "{F53DDFD5-7C67-4D2B-B5A9-5C14D55723EE}"
EndProject
Project("{8BC9CEB8-8B4A-11D0-8D11-00A0C91BC942}") = "Heaven", "MultiServer\Heaven\Heaven.vcxproj", "{DAA782F9-6321-4789-9C11-6A3491AA0BFC}"
EndProject
Project("{8BC9CEB8-8B4A-11D0-8D11-00A0C91BC942}") = "LuaLibDll", "Library\LuaLib\LuaLibDll.vcxproj", "{CE08BC2C-2BC8-4197-9BE0-2EC0A3EDF49E}"
EndProject
Project("{8BC9CEB8-8B4A-11D0-8D11-00A0C91BC942}") = "Rainbow", "MultiServer\Rainbow\Rainbow.vcxproj", "{15CEB7C8-9913-4C1F-9174-C6FA42911B8E}"
EndProject
Project("{8BC9CEB8-8B4A-11D0-8D11-00A0C91BC942}") = "Represent2", "Represent\Represent2\Represent2.vcxproj", "{0535EFD3-1859-46E1-9928-4D90537E7B63}"
EndProject
Project("{8BC9CEB8-8B4A-11D0-8D11-00A0C91BC942}") = "Represent3", "Represent\Represent3\Represent3.vcxproj", "{9C298B87-430E-46D1-BE1A-EC4BF2D2254A}"
EndProject
Project("{8BC9CEB8-8B4A-11D0-8D11-00A0C91BC942}") = "S3Client", "S3Client\S3Client.vcxproj", "{CB68A25F-E817-4142-BBD3-4FC7E6702055}"
EndProject
Project("{8BC9CEB8-8B4A-11D0-8D11-00A0C91BC942}") = "S3Relay", "MultiServer\S3Relay\S3Relay.vcxproj", "{11F451DC-EF06-4CF0-A072-32E5A67C99D9}"
EndProject
Project("{8BC9CEB8-8B4A-11D0-8D11-00A0C91BC942}") = "S3RelayServer", "Sword3PaySys\S3RELAYSERVER\S3RelayServer.vcxproj", "{E6F2C9CA-A2B8-45CF-8183-8D392D5E491E}"
EndProject
Project("{8BC9CEB8-8B4A-11D0-8D11-00A0C91BC942}") = "Sword3PaySys", "Sword3PaySys\S3AccServer\Sword3PaySys.vcxproj", "{971E21E2-FC1F-4CCE-99EA-2C5AEA8F3A5A}"
EndProject
Global
	GlobalSection(SolutionConfigurationPlatforms) = preSolution
		Client Debug|x86 = Client Debug|x86
		Client Release|x86 = Client Release|x86
		Debug|x86 = Debug|x86
		OuRead Release|x86 = OuRead Release|x86
		OutRead Debug|x86 = OutRead Debug|x86
		Release|x86 = Release|x86
		Server Debug|x86 = Server Debug|x86
		Server Release|x86 = Server Release|x86
		Template|x86 = Template|x86
	EndGlobalSection
	GlobalSection(ProjectConfigurationPlatforms) = postSolution
		{BC92B4D8-A121-4ACB-A6BB-CEB21F8C0347}.Client Debug|x86.ActiveCfg = Debug|Win32
		{BC92B4D8-A121-4ACB-A6BB-CEB21F8C0347}.Client Debug|x86.Build.0 = Debug|Win32
		{BC92B4D8-A121-4ACB-A6BB-CEB21F8C0347}.Client Release|x86.ActiveCfg = Release|Win32
		{BC92B4D8-A121-4ACB-A6BB-CEB21F8C0347}.Client Release|x86.Build.0 = Release|Win32
		{BC92B4D8-A121-4ACB-A6BB-CEB21F8C0347}.Debug|x86.ActiveCfg = Debug|Win32
		{BC92B4D8-A121-4ACB-A6BB-CEB21F8C0347}.Debug|x86.Build.0 = Debug|Win32
		{BC92B4D8-A121-4ACB-A6BB-CEB21F8C0347}.OuRead Release|x86.ActiveCfg = Release|Win32
		{BC92B4D8-A121-4ACB-A6BB-CEB21F8C0347}.OuRead Release|x86.Build.0 = Release|Win32
		{BC92B4D8-A121-4ACB-A6BB-CEB21F8C0347}.OutRead Debug|x86.ActiveCfg = Debug|Win32
		{BC92B4D8-A121-4ACB-A6BB-CEB21F8C0347}.OutRead Debug|x86.Build.0 = Debug|Win32
		{BC92B4D8-A121-4ACB-A6BB-CEB21F8C0347}.Release|x86.ActiveCfg = Release|Win32
		{BC92B4D8-A121-4ACB-A6BB-CEB21F8C0347}.Release|x86.Build.0 = Release|Win32
		{BC92B4D8-A121-4ACB-A6BB-CEB21F8C0347}.Server Debug|x86.ActiveCfg = Debug|Win32
		{BC92B4D8-A121-4ACB-A6BB-CEB21F8C0347}.Server Debug|x86.Build.0 = Debug|Win32
		{BC92B4D8-A121-4ACB-A6BB-CEB21F8C0347}.Server Release|x86.ActiveCfg = Release|Win32
		{BC92B4D8-A121-4ACB-A6BB-CEB21F8C0347}.Server Release|x86.Build.0 = Release|Win32
		{BC92B4D8-A121-4ACB-A6BB-CEB21F8C0347}.Template|x86.ActiveCfg = Debug|Win32
		{BC92B4D8-A121-4ACB-A6BB-CEB21F8C0347}.Template|x86.Build.0 = Debug|Win32
		{C87A9AB9-8048-4559-BB88-C61DACE91865}.Client Debug|x86.ActiveCfg = Debug|Win32
		{C87A9AB9-8048-4559-BB88-C61DACE91865}.Client Debug|x86.Build.0 = Debug|Win32
		{C87A9AB9-8048-4559-BB88-C61DACE91865}.Client Release|x86.ActiveCfg = Release|Win32
		{C87A9AB9-8048-4559-BB88-C61DACE91865}.Client Release|x86.Build.0 = Release|Win32
		{C87A9AB9-8048-4559-BB88-C61DACE91865}.Debug|x86.ActiveCfg = Debug|Win32
		{C87A9AB9-8048-4559-BB88-C61DACE91865}.Debug|x86.Build.0 = Debug|Win32
		{C87A9AB9-8048-4559-BB88-C61DACE91865}.OuRead Release|x86.ActiveCfg = Release|Win32
		{C87A9AB9-8048-4559-BB88-C61DACE91865}.OuRead Release|x86.Build.0 = Release|Win32
		{C87A9AB9-8048-4559-BB88-C61DACE91865}.OutRead Debug|x86.ActiveCfg = Debug|Win32
		{C87A9AB9-8048-4559-BB88-C61DACE91865}.OutRead Debug|x86.Build.0 = Debug|Win32
		{C87A9AB9-8048-4559-BB88-C61DACE91865}.Release|x86.ActiveCfg = Release|Win32
		{C87A9AB9-8048-4559-BB88-C61DACE91865}.Release|x86.Build.0 = Release|Win32
		{C87A9AB9-8048-4559-BB88-C61DACE91865}.Server Debug|x86.ActiveCfg = Debug|Win32
		{C87A9AB9-8048-4559-BB88-C61DACE91865}.Server Debug|x86.Build.0 = Debug|Win32
		{C87A9AB9-8048-4559-BB88-C61DACE91865}.Server Release|x86.ActiveCfg = Release|Win32
		{C87A9AB9-8048-4559-BB88-C61DACE91865}.Server Release|x86.Build.0 = Release|Win32
		{C87A9AB9-8048-4559-BB88-C61DACE91865}.Template|x86.ActiveCfg = Template|Win32
		{C87A9AB9-8048-4559-BB88-C61DACE91865}.Template|x86.Build.0 = Template|Win32
		{C547D874-E39B-4708-81AE-693ACDE647A3}.Client Debug|x86.ActiveCfg = Client Debug|Win32
		{C547D874-E39B-4708-81AE-693ACDE647A3}.Client Debug|x86.Build.0 = Client Debug|Win32
		{C547D874-E39B-4708-81AE-693ACDE647A3}.Client Release|x86.ActiveCfg = Client Release|Win32
		{C547D874-E39B-4708-81AE-693ACDE647A3}.Client Release|x86.Build.0 = Client Release|Win32
		{C547D874-E39B-4708-81AE-693ACDE647A3}.Debug|x86.ActiveCfg = Client Debug|Win32
		{C547D874-E39B-4708-81AE-693ACDE647A3}.Debug|x86.Build.0 = Client Debug|Win32
		{C547D874-E39B-4708-81AE-693ACDE647A3}.OuRead Release|x86.ActiveCfg = Client Debug|Win32
		{C547D874-E39B-4708-81AE-693ACDE647A3}.OuRead Release|x86.Build.0 = Client Debug|Win32
		{C547D874-E39B-4708-81AE-693ACDE647A3}.OutRead Debug|x86.ActiveCfg = Client Debug|Win32
		{C547D874-E39B-4708-81AE-693ACDE647A3}.OutRead Debug|x86.Build.0 = Client Debug|Win32
		{C547D874-E39B-4708-81AE-693ACDE647A3}.Release|x86.ActiveCfg = Client Release|Win32
		{C547D874-E39B-4708-81AE-693ACDE647A3}.Release|x86.Build.0 = Client Release|Win32
		{C547D874-E39B-4708-81AE-693ACDE647A3}.Server Debug|x86.ActiveCfg = Server Debug|Win32
		{C547D874-E39B-4708-81AE-693ACDE647A3}.Server Debug|x86.Build.0 = Server Debug|Win32
		{C547D874-E39B-4708-81AE-693ACDE647A3}.Server Release|x86.ActiveCfg = Server Release|Win32
		{C547D874-E39B-4708-81AE-693ACDE647A3}.Server Release|x86.Build.0 = Server Release|Win32
		{C547D874-E39B-4708-81AE-693ACDE647A3}.Template|x86.ActiveCfg = Template|Win32
		{C547D874-E39B-4708-81AE-693ACDE647A3}.Template|x86.Build.0 = Template|Win32
		{D397A4DB-8304-421C-9970-4AB3D7000292}.Client Debug|x86.ActiveCfg = Debug|Win32
		{D397A4DB-8304-421C-9970-4AB3D7000292}.Client Debug|x86.Build.0 = Debug|Win32
		{D397A4DB-8304-421C-9970-4AB3D7000292}.Client Release|x86.ActiveCfg = Release|Win32
		{D397A4DB-8304-421C-9970-4AB3D7000292}.Client Release|x86.Build.0 = Release|Win32
		{D397A4DB-8304-421C-9970-4AB3D7000292}.Debug|x86.ActiveCfg = Debug|Win32
		{D397A4DB-8304-421C-9970-4AB3D7000292}.Debug|x86.Build.0 = Debug|Win32
		{D397A4DB-8304-421C-9970-4AB3D7000292}.OuRead Release|x86.ActiveCfg = OuRead Release|Win32
		{D397A4DB-8304-421C-9970-4AB3D7000292}.OuRead Release|x86.Build.0 = OuRead Release|Win32
		{D397A4DB-8304-421C-9970-4AB3D7000292}.OutRead Debug|x86.ActiveCfg = OutRead Debug|Win32
		{D397A4DB-8304-421C-9970-4AB3D7000292}.OutRead Debug|x86.Build.0 = OutRead Debug|Win32
		{D397A4DB-8304-421C-9970-4AB3D7000292}.Release|x86.ActiveCfg = Release|Win32
		{D397A4DB-8304-421C-9970-4AB3D7000292}.Release|x86.Build.0 = Release|Win32
		{D397A4DB-8304-421C-9970-4AB3D7000292}.Server Debug|x86.ActiveCfg = Debug|Win32
		{D397A4DB-8304-421C-9970-4AB3D7000292}.Server Debug|x86.Build.0 = Debug|Win32
		{D397A4DB-8304-421C-9970-4AB3D7000292}.Server Release|x86.ActiveCfg = Release|Win32
		{D397A4DB-8304-421C-9970-4AB3D7000292}.Server Release|x86.Build.0 = Release|Win32
		{D397A4DB-8304-421C-9970-4AB3D7000292}.Template|x86.ActiveCfg = Template|Win32
		{D397A4DB-8304-421C-9970-4AB3D7000292}.Template|x86.Build.0 = Template|Win32
		{64A8C0F1-35E8-42A2-B2D5-6C416AC8BD9F}.Client Debug|x86.ActiveCfg = Debug|Win32
		{64A8C0F1-35E8-42A2-B2D5-6C416AC8BD9F}.Client Debug|x86.Build.0 = Debug|Win32
		{64A8C0F1-35E8-42A2-B2D5-6C416AC8BD9F}.Client Release|x86.ActiveCfg = Release|Win32
		{64A8C0F1-35E8-42A2-B2D5-6C416AC8BD9F}.Client Release|x86.Build.0 = Release|Win32
		{64A8C0F1-35E8-42A2-B2D5-6C416AC8BD9F}.Debug|x86.ActiveCfg = Debug|Win32
		{64A8C0F1-35E8-42A2-B2D5-6C416AC8BD9F}.Debug|x86.Build.0 = Debug|Win32
		{64A8C0F1-35E8-42A2-B2D5-6C416AC8BD9F}.OuRead Release|x86.ActiveCfg = Release|Win32
		{64A8C0F1-35E8-42A2-B2D5-6C416AC8BD9F}.OuRead Release|x86.Build.0 = Release|Win32
		{64A8C0F1-35E8-42A2-B2D5-6C416AC8BD9F}.OutRead Debug|x86.ActiveCfg = Debug|Win32
		{64A8C0F1-35E8-42A2-B2D5-6C416AC8BD9F}.OutRead Debug|x86.Build.0 = Debug|Win32
		{64A8C0F1-35E8-42A2-B2D5-6C416AC8BD9F}.Release|x86.ActiveCfg = Release|Win32
		{64A8C0F1-35E8-42A2-B2D5-6C416AC8BD9F}.Release|x86.Build.0 = Release|Win32
		{64A8C0F1-35E8-42A2-B2D5-6C416AC8BD9F}.Server Debug|x86.ActiveCfg = Debug|Win32
		{64A8C0F1-35E8-42A2-B2D5-6C416AC8BD9F}.Server Debug|x86.Build.0 = Debug|Win32
		{64A8C0F1-35E8-42A2-B2D5-6C416AC8BD9F}.Server Release|x86.ActiveCfg = Release|Win32
		{64A8C0F1-35E8-42A2-B2D5-6C416AC8BD9F}.Server Release|x86.Build.0 = Release|Win32
		{64A8C0F1-35E8-42A2-B2D5-6C416AC8BD9F}.Template|x86.ActiveCfg = Template|Win32
		{64A8C0F1-35E8-42A2-B2D5-6C416AC8BD9F}.Template|x86.Build.0 = Template|Win32
		{EB4D61E1-971B-42D5-92F4-FEC0B7667894}.Client Debug|x86.ActiveCfg = Debug|Win32
		{EB4D61E1-971B-42D5-92F4-FEC0B7667894}.Client Debug|x86.Build.0 = Debug|Win32
		{EB4D61E1-971B-42D5-92F4-FEC0B7667894}.Client Release|x86.ActiveCfg = Release|Win32
		{EB4D61E1-971B-42D5-92F4-FEC0B7667894}.Client Release|x86.Build.0 = Release|Win32
		{EB4D61E1-971B-42D5-92F4-FEC0B7667894}.Debug|x86.ActiveCfg = Debug|Win32
		{EB4D61E1-971B-42D5-92F4-FEC0B7667894}.Debug|x86.Build.0 = Debug|Win32
		{EB4D61E1-971B-42D5-92F4-FEC0B7667894}.OuRead Release|x86.ActiveCfg = Release|Win32
		{EB4D61E1-971B-42D5-92F4-FEC0B7667894}.OuRead Release|x86.Build.0 = Release|Win32
		{EB4D61E1-971B-42D5-92F4-FEC0B7667894}.OutRead Debug|x86.ActiveCfg = Debug|Win32
		{EB4D61E1-971B-42D5-92F4-FEC0B7667894}.OutRead Debug|x86.Build.0 = Debug|Win32
		{EB4D61E1-971B-42D5-92F4-FEC0B7667894}.Release|x86.ActiveCfg = Release|Win32
		{EB4D61E1-971B-42D5-92F4-FEC0B7667894}.Release|x86.Build.0 = Release|Win32
		{EB4D61E1-971B-42D5-92F4-FEC0B7667894}.Server Debug|x86.ActiveCfg = Debug|Win32
		{EB4D61E1-971B-42D5-92F4-FEC0B7667894}.Server Debug|x86.Build.0 = Debug|Win32
		{EB4D61E1-971B-42D5-92F4-FEC0B7667894}.Server Release|x86.ActiveCfg = Release|Win32
		{EB4D61E1-971B-42D5-92F4-FEC0B7667894}.Server Release|x86.Build.0 = Release|Win32
		{EB4D61E1-971B-42D5-92F4-FEC0B7667894}.Template|x86.ActiveCfg = Template|Win32
		{EB4D61E1-971B-42D5-92F4-FEC0B7667894}.Template|x86.Build.0 = Template|Win32
		{D0694C89-7CD1-4D2D-B1BB-2C207D319516}.Client Debug|x86.ActiveCfg = Debug|Win32
		{D0694C89-7CD1-4D2D-B1BB-2C207D319516}.Client Debug|x86.Build.0 = Debug|Win32
		{D0694C89-7CD1-4D2D-B1BB-2C207D319516}.Client Release|x86.ActiveCfg = Release|Win32
		{D0694C89-7CD1-4D2D-B1BB-2C207D319516}.Client Release|x86.Build.0 = Release|Win32
		{D0694C89-7CD1-4D2D-B1BB-2C207D319516}.Debug|x86.ActiveCfg = Debug|Win32
		{D0694C89-7CD1-4D2D-B1BB-2C207D319516}.Debug|x86.Build.0 = Debug|Win32
		{D0694C89-7CD1-4D2D-B1BB-2C207D319516}.OuRead Release|x86.ActiveCfg = Release|Win32
		{D0694C89-7CD1-4D2D-B1BB-2C207D319516}.OuRead Release|x86.Build.0 = Release|Win32
		{D0694C89-7CD1-4D2D-B1BB-2C207D319516}.OutRead Debug|x86.ActiveCfg = Debug|Win32
		{D0694C89-7CD1-4D2D-B1BB-2C207D319516}.OutRead Debug|x86.Build.0 = Debug|Win32
		{D0694C89-7CD1-4D2D-B1BB-2C207D319516}.Release|x86.ActiveCfg = Release|Win32
		{D0694C89-7CD1-4D2D-B1BB-2C207D319516}.Release|x86.Build.0 = Release|Win32
		{D0694C89-7CD1-4D2D-B1BB-2C207D319516}.Server Debug|x86.ActiveCfg = Debug|Win32
		{D0694C89-7CD1-4D2D-B1BB-2C207D319516}.Server Debug|x86.Build.0 = Debug|Win32
		{D0694C89-7CD1-4D2D-B1BB-2C207D319516}.Server Release|x86.ActiveCfg = Release|Win32
		{D0694C89-7CD1-4D2D-B1BB-2C207D319516}.Server Release|x86.Build.0 = Release|Win32
		{D0694C89-7CD1-4D2D-B1BB-2C207D319516}.Template|x86.ActiveCfg = Template|Win32
		{D0694C89-7CD1-4D2D-B1BB-2C207D319516}.Template|x86.Build.0 = Template|Win32
		{5E55DAC3-89B7-4FA1-BAD7-C67A846C4B61}.Client Debug|x86.ActiveCfg = Debug|Win32
		{5E55DAC3-89B7-4FA1-BAD7-C67A846C4B61}.Client Debug|x86.Build.0 = Debug|Win32
		{5E55DAC3-89B7-4FA1-BAD7-C67A846C4B61}.Client Release|x86.ActiveCfg = Release|Win32
		{5E55DAC3-89B7-4FA1-BAD7-C67A846C4B61}.Client Release|x86.Build.0 = Release|Win32
		{5E55DAC3-89B7-4FA1-BAD7-C67A846C4B61}.Debug|x86.ActiveCfg = Debug|Win32
		{5E55DAC3-89B7-4FA1-BAD7-C67A846C4B61}.Debug|x86.Build.0 = Debug|Win32
		{5E55DAC3-89B7-4FA1-BAD7-C67A846C4B61}.OuRead Release|x86.ActiveCfg = Release|Win32
		{5E55DAC3-89B7-4FA1-BAD7-C67A846C4B61}.OuRead Release|x86.Build.0 = Release|Win32
		{5E55DAC3-89B7-4FA1-BAD7-C67A846C4B61}.OutRead Debug|x86.ActiveCfg = Debug|Win32
		{5E55DAC3-89B7-4FA1-BAD7-C67A846C4B61}.OutRead Debug|x86.Build.0 = Debug|Win32
		{5E55DAC3-89B7-4FA1-BAD7-C67A846C4B61}.Release|x86.ActiveCfg = Release|Win32
		{5E55DAC3-89B7-4FA1-BAD7-C67A846C4B61}.Release|x86.Build.0 = Release|Win32
		{5E55DAC3-89B7-4FA1-BAD7-C67A846C4B61}.Server Debug|x86.ActiveCfg = Debug|Win32
		{5E55DAC3-89B7-4FA1-BAD7-C67A846C4B61}.Server Debug|x86.Build.0 = Debug|Win32
		{5E55DAC3-89B7-4FA1-BAD7-C67A846C4B61}.Server Release|x86.ActiveCfg = Release|Win32
		{5E55DAC3-89B7-4FA1-BAD7-C67A846C4B61}.Server Release|x86.Build.0 = Release|Win32
		{5E55DAC3-89B7-4FA1-BAD7-C67A846C4B61}.Template|x86.ActiveCfg = Template|Win32
		{5E55DAC3-89B7-4FA1-BAD7-C67A846C4B61}.Template|x86.Build.0 = Template|Win32
		{33853E6B-F50E-4E64-AB8A-5A9FDEC55637}.Client Debug|x86.ActiveCfg = Debug|Win32
		{33853E6B-F50E-4E64-AB8A-5A9FDEC55637}.Client Debug|x86.Build.0 = Debug|Win32
		{33853E6B-F50E-4E64-AB8A-5A9FDEC55637}.Client Release|x86.ActiveCfg = Release|Win32
		{33853E6B-F50E-4E64-AB8A-5A9FDEC55637}.Client Release|x86.Build.0 = Release|Win32
		{33853E6B-F50E-4E64-AB8A-5A9FDEC55637}.Debug|x86.ActiveCfg = Debug|Win32
		{33853E6B-F50E-4E64-AB8A-5A9FDEC55637}.Debug|x86.Build.0 = Debug|Win32
		{33853E6B-F50E-4E64-AB8A-5A9FDEC55637}.OuRead Release|x86.ActiveCfg = Release|Win32
		{33853E6B-F50E-4E64-AB8A-5A9FDEC55637}.OuRead Release|x86.Build.0 = Release|Win32
		{33853E6B-F50E-4E64-AB8A-5A9FDEC55637}.OutRead Debug|x86.ActiveCfg = Debug|Win32
		{33853E6B-F50E-4E64-AB8A-5A9FDEC55637}.OutRead Debug|x86.Build.0 = Debug|Win32
		{33853E6B-F50E-4E64-AB8A-5A9FDEC55637}.Release|x86.ActiveCfg = Release|Win32
		{33853E6B-F50E-4E64-AB8A-5A9FDEC55637}.Release|x86.Build.0 = Release|Win32
		{33853E6B-F50E-4E64-AB8A-5A9FDEC55637}.Server Debug|x86.ActiveCfg = Debug|Win32
		{33853E6B-F50E-4E64-AB8A-5A9FDEC55637}.Server Debug|x86.Build.0 = Debug|Win32
		{33853E6B-F50E-4E64-AB8A-5A9FDEC55637}.Server Release|x86.ActiveCfg = Release|Win32
		{33853E6B-F50E-4E64-AB8A-5A9FDEC55637}.Server Release|x86.Build.0 = Release|Win32
		{33853E6B-F50E-4E64-AB8A-5A9FDEC55637}.Template|x86.ActiveCfg = Template|Win32
		{33853E6B-F50E-4E64-AB8A-5A9FDEC55637}.Template|x86.Build.0 = Template|Win32
		{F53DDFD5-7C67-4D2B-B5A9-5C14D55723EE}.Client Debug|x86.ActiveCfg = Debug|Win32
		{F53DDFD5-7C67-4D2B-B5A9-5C14D55723EE}.Client Debug|x86.Build.0 = Debug|Win32
		{F53DDFD5-7C67-4D2B-B5A9-5C14D55723EE}.Client Release|x86.ActiveCfg = Release|Win32
		{F53DDFD5-7C67-4D2B-B5A9-5C14D55723EE}.Client Release|x86.Build.0 = Release|Win32
		{F53DDFD5-7C67-4D2B-B5A9-5C14D55723EE}.Debug|x86.ActiveCfg = Debug|Win32
		{F53DDFD5-7C67-4D2B-B5A9-5C14D55723EE}.Debug|x86.Build.0 = Debug|Win32
		{F53DDFD5-7C67-4D2B-B5A9-5C14D55723EE}.OuRead Release|x86.ActiveCfg = Release|Win32
		{F53DDFD5-7C67-4D2B-B5A9-5C14D55723EE}.OuRead Release|x86.Build.0 = Release|Win32
		{F53DDFD5-7C67-4D2B-B5A9-5C14D55723EE}.OutRead Debug|x86.ActiveCfg = Debug|Win32
		{F53DDFD5-7C67-4D2B-B5A9-5C14D55723EE}.OutRead Debug|x86.Build.0 = Debug|Win32
		{F53DDFD5-7C67-4D2B-B5A9-5C14D55723EE}.Release|x86.ActiveCfg = Release|Win32
		{F53DDFD5-7C67-4D2B-B5A9-5C14D55723EE}.Release|x86.Build.0 = Release|Win32
		{F53DDFD5-7C67-4D2B-B5A9-5C14D55723EE}.Server Debug|x86.ActiveCfg = Debug|Win32
		{F53DDFD5-7C67-4D2B-B5A9-5C14D55723EE}.Server Debug|x86.Build.0 = Debug|Win32
		{F53DDFD5-7C67-4D2B-B5A9-5C14D55723EE}.Server Release|x86.ActiveCfg = Release|Win32
		{F53DDFD5-7C67-4D2B-B5A9-5C14D55723EE}.Server Release|x86.Build.0 = Release|Win32
		{F53DDFD5-7C67-4D2B-B5A9-5C14D55723EE}.Template|x86.ActiveCfg = Template|Win32
		{F53DDFD5-7C67-4D2B-B5A9-5C14D55723EE}.Template|x86.Build.0 = Template|Win32
		{DAA782F9-6321-4789-9C11-6A3491AA0BFC}.Client Debug|x86.ActiveCfg = Debug|Win32
		{DAA782F9-6321-4789-9C11-6A3491AA0BFC}.Client Debug|x86.Build.0 = Debug|Win32
		{DAA782F9-6321-4789-9C11-6A3491AA0BFC}.Client Release|x86.ActiveCfg = Release|Win32
		{DAA782F9-6321-4789-9C11-6A3491AA0BFC}.Client Release|x86.Build.0 = Release|Win32
		{DAA782F9-6321-4789-9C11-6A3491AA0BFC}.Debug|x86.ActiveCfg = Debug|Win32
		{DAA782F9-6321-4789-9C11-6A3491AA0BFC}.Debug|x86.Build.0 = Debug|Win32
		{DAA782F9-6321-4789-9C11-6A3491AA0BFC}.OuRead Release|x86.ActiveCfg = Release|Win32
		{DAA782F9-6321-4789-9C11-6A3491AA0BFC}.OuRead Release|x86.Build.0 = Release|Win32
		{DAA782F9-6321-4789-9C11-6A3491AA0BFC}.OutRead Debug|x86.ActiveCfg = Debug|Win32
		{DAA782F9-6321-4789-9C11-6A3491AA0BFC}.OutRead Debug|x86.Build.0 = Debug|Win32
		{DAA782F9-6321-4789-9C11-6A3491AA0BFC}.Release|x86.ActiveCfg = Release|Win32
		{DAA782F9-6321-4789-9C11-6A3491AA0BFC}.Release|x86.Build.0 = Release|Win32
		{DAA782F9-6321-4789-9C11-6A3491AA0BFC}.Server Debug|x86.ActiveCfg = Debug|Win32
		{DAA782F9-6321-4789-9C11-6A3491AA0BFC}.Server Debug|x86.Build.0 = Debug|Win32
		{DAA782F9-6321-4789-9C11-6A3491AA0BFC}.Server Release|x86.ActiveCfg = Release|Win32
		{DAA782F9-6321-4789-9C11-6A3491AA0BFC}.Server Release|x86.Build.0 = Release|Win32
		{DAA782F9-6321-4789-9C11-6A3491AA0BFC}.Template|x86.ActiveCfg = Template|Win32
		{DAA782F9-6321-4789-9C11-6A3491AA0BFC}.Template|x86.Build.0 = Template|Win32
		{CE08BC2C-2BC8-4197-9BE0-2EC0A3EDF49E}.Client Debug|x86.ActiveCfg = Debug|Win32
		{CE08BC2C-2BC8-4197-9BE0-2EC0A3EDF49E}.Client Debug|x86.Build.0 = Debug|Win32
		{CE08BC2C-2BC8-4197-9BE0-2EC0A3EDF49E}.Client Release|x86.ActiveCfg = Release|Win32
		{CE08BC2C-2BC8-4197-9BE0-2EC0A3EDF49E}.Client Release|x86.Build.0 = Release|Win32
		{CE08BC2C-2BC8-4197-9BE0-2EC0A3EDF49E}.Debug|x86.ActiveCfg = Debug|Win32
		{CE08BC2C-2BC8-4197-9BE0-2EC0A3EDF49E}.Debug|x86.Build.0 = Debug|Win32
		{CE08BC2C-2BC8-4197-9BE0-2EC0A3EDF49E}.OuRead Release|x86.ActiveCfg = Release|Win32
		{CE08BC2C-2BC8-4197-9BE0-2EC0A3EDF49E}.OuRead Release|x86.Build.0 = Release|Win32
		{CE08BC2C-2BC8-4197-9BE0-2EC0A3EDF49E}.OutRead Debug|x86.ActiveCfg = Debug|Win32
		{CE08BC2C-2BC8-4197-9BE0-2EC0A3EDF49E}.OutRead Debug|x86.Build.0 = Debug|Win32
		{CE08BC2C-2BC8-4197-9BE0-2EC0A3EDF49E}.Release|x86.ActiveCfg = Release|Win32
		{CE08BC2C-2BC8-4197-9BE0-2EC0A3EDF49E}.Release|x86.Build.0 = Release|Win32
		{CE08BC2C-2BC8-4197-9BE0-2EC0A3EDF49E}.Server Debug|x86.ActiveCfg = Debug|Win32
		{CE08BC2C-2BC8-4197-9BE0-2EC0A3EDF49E}.Server Debug|x86.Build.0 = Debug|Win32
		{CE08BC2C-2BC8-4197-9BE0-2EC0A3EDF49E}.Server Release|x86.ActiveCfg = Release|Win32
		{CE08BC2C-2BC8-4197-9BE0-2EC0A3EDF49E}.Server Release|x86.Build.0 = Release|Win32
		{CE08BC2C-2BC8-4197-9BE0-2EC0A3EDF49E}.Template|x86.ActiveCfg = Template|Win32
		{CE08BC2C-2BC8-4197-9BE0-2EC0A3EDF49E}.Template|x86.Build.0 = Template|Win32
		{15CEB7C8-9913-4C1F-9174-C6FA42911B8E}.Client Debug|x86.ActiveCfg = Debug|Win32
		{15CEB7C8-9913-4C1F-9174-C6FA42911B8E}.Client Debug|x86.Build.0 = Debug|Win32
		{15CEB7C8-9913-4C1F-9174-C6FA42911B8E}.Client Release|x86.ActiveCfg = Release|Win32
		{15CEB7C8-9913-4C1F-9174-C6FA42911B8E}.Client Release|x86.Build.0 = Release|Win32
		{15CEB7C8-9913-4C1F-9174-C6FA42911B8E}.Debug|x86.ActiveCfg = Debug|Win32
		{15CEB7C8-9913-4C1F-9174-C6FA42911B8E}.Debug|x86.Build.0 = Debug|Win32
		{15CEB7C8-9913-4C1F-9174-C6FA42911B8E}.OuRead Release|x86.ActiveCfg = Release|Win32
		{15CEB7C8-9913-4C1F-9174-C6FA42911B8E}.OuRead Release|x86.Build.0 = Release|Win32
		{15CEB7C8-9913-4C1F-9174-C6FA42911B8E}.OutRead Debug|x86.ActiveCfg = Debug|Win32
		{15CEB7C8-9913-4C1F-9174-C6FA42911B8E}.OutRead Debug|x86.Build.0 = Debug|Win32
		{15CEB7C8-9913-4C1F-9174-C6FA42911B8E}.Release|x86.ActiveCfg = Release|Win32
		{15CEB7C8-9913-4C1F-9174-C6FA42911B8E}.Release|x86.Build.0 = Release|Win32
		{15CEB7C8-9913-4C1F-9174-C6FA42911B8E}.Server Debug|x86.ActiveCfg = Debug|Win32
		{15CEB7C8-9913-4C1F-9174-C6FA42911B8E}.Server Debug|x86.Build.0 = Debug|Win32
		{15CEB7C8-9913-4C1F-9174-C6FA42911B8E}.Server Release|x86.ActiveCfg = Release|Win32
		{15CEB7C8-9913-4C1F-9174-C6FA42911B8E}.Server Release|x86.Build.0 = Release|Win32
		{15CEB7C8-9913-4C1F-9174-C6FA42911B8E}.Template|x86.ActiveCfg = Template|Win32
		{15CEB7C8-9913-4C1F-9174-C6FA42911B8E}.Template|x86.Build.0 = Template|Win32
		{0535EFD3-1859-46E1-9928-4D90537E7B63}.Client Debug|x86.ActiveCfg = Debug|Win32
		{0535EFD3-1859-46E1-9928-4D90537E7B63}.Client Debug|x86.Build.0 = Debug|Win32
		{0535EFD3-1859-46E1-9928-4D90537E7B63}.Client Release|x86.ActiveCfg = Release|Win32
		{0535EFD3-1859-46E1-9928-4D90537E7B63}.Client Release|x86.Build.0 = Release|Win32
		{0535EFD3-1859-46E1-9928-4D90537E7B63}.Debug|x86.ActiveCfg = Debug|Win32
		{0535EFD3-1859-46E1-9928-4D90537E7B63}.Debug|x86.Build.0 = Debug|Win32
		{0535EFD3-1859-46E1-9928-4D90537E7B63}.OuRead Release|x86.ActiveCfg = Release|Win32
		{0535EFD3-1859-46E1-9928-4D90537E7B63}.OuRead Release|x86.Build.0 = Release|Win32
		{0535EFD3-1859-46E1-9928-4D90537E7B63}.OutRead Debug|x86.ActiveCfg = Debug|Win32
		{0535EFD3-1859-46E1-9928-4D90537E7B63}.OutRead Debug|x86.Build.0 = Debug|Win32
		{0535EFD3-1859-46E1-9928-4D90537E7B63}.Release|x86.ActiveCfg = Release|Win32
		{0535EFD3-1859-46E1-9928-4D90537E7B63}.Release|x86.Build.0 = Release|Win32
		{0535EFD3-1859-46E1-9928-4D90537E7B63}.Server Debug|x86.ActiveCfg = Debug|Win32
		{0535EFD3-1859-46E1-9928-4D90537E7B63}.Server Debug|x86.Build.0 = Debug|Win32
		{0535EFD3-1859-46E1-9928-4D90537E7B63}.Server Release|x86.ActiveCfg = Release|Win32
		{0535EFD3-1859-46E1-9928-4D90537E7B63}.Server Release|x86.Build.0 = Release|Win32
		{0535EFD3-1859-46E1-9928-4D90537E7B63}.Template|x86.ActiveCfg = Template|Win32
		{0535EFD3-1859-46E1-9928-4D90537E7B63}.Template|x86.Build.0 = Template|Win32
		{9C298B87-430E-46D1-BE1A-EC4BF2D2254A}.Client Debug|x86.ActiveCfg = Debug|Win32
		{9C298B87-430E-46D1-BE1A-EC4BF2D2254A}.Client Debug|x86.Build.0 = Debug|Win32
		{9C298B87-430E-46D1-BE1A-EC4BF2D2254A}.Client Release|x86.ActiveCfg = Release|Win32
		{9C298B87-430E-46D1-BE1A-EC4BF2D2254A}.Client Release|x86.Build.0 = Release|Win32
		{9C298B87-430E-46D1-BE1A-EC4BF2D2254A}.Debug|x86.ActiveCfg = Debug|Win32
		{9C298B87-430E-46D1-BE1A-EC4BF2D2254A}.Debug|x86.Build.0 = Debug|Win32
		{9C298B87-430E-46D1-BE1A-EC4BF2D2254A}.OuRead Release|x86.ActiveCfg = Release|Win32
		{9C298B87-430E-46D1-BE1A-EC4BF2D2254A}.OuRead Release|x86.Build.0 = Release|Win32
		{9C298B87-430E-46D1-BE1A-EC4BF2D2254A}.OutRead Debug|x86.ActiveCfg = Debug|Win32
		{9C298B87-430E-46D1-BE1A-EC4BF2D2254A}.OutRead Debug|x86.Build.0 = Debug|Win32
		{9C298B87-430E-46D1-BE1A-EC4BF2D2254A}.Release|x86.ActiveCfg = Release|Win32
		{9C298B87-430E-46D1-BE1A-EC4BF2D2254A}.Release|x86.Build.0 = Release|Win32
		{9C298B87-430E-46D1-BE1A-EC4BF2D2254A}.Server Debug|x86.ActiveCfg = Debug|Win32
		{9C298B87-430E-46D1-BE1A-EC4BF2D2254A}.Server Debug|x86.Build.0 = Debug|Win32
		{9C298B87-430E-46D1-BE1A-EC4BF2D2254A}.Server Release|x86.ActiveCfg = Release|Win32
		{9C298B87-430E-46D1-BE1A-EC4BF2D2254A}.Server Release|x86.Build.0 = Release|Win32
		{9C298B87-430E-46D1-BE1A-EC4BF2D2254A}.Template|x86.ActiveCfg = Template|Win32
		{9C298B87-430E-46D1-BE1A-EC4BF2D2254A}.Template|x86.Build.0 = Template|Win32
		{CB68A25F-E817-4142-BBD3-4FC7E6702055}.Client Debug|x86.ActiveCfg = Debug|Win32
		{CB68A25F-E817-4142-BBD3-4FC7E6702055}.Client Debug|x86.Build.0 = Debug|Win32
		{CB68A25F-E817-4142-BBD3-4FC7E6702055}.Client Release|x86.ActiveCfg = Release|Win32
		{CB68A25F-E817-4142-BBD3-4FC7E6702055}.Client Release|x86.Build.0 = Release|Win32
		{CB68A25F-E817-4142-BBD3-4FC7E6702055}.Debug|x86.ActiveCfg = Debug|Win32
		{CB68A25F-E817-4142-BBD3-4FC7E6702055}.Debug|x86.Build.0 = Debug|Win32
		{CB68A25F-E817-4142-BBD3-4FC7E6702055}.OuRead Release|x86.ActiveCfg = Release|Win32
		{CB68A25F-E817-4142-BBD3-4FC7E6702055}.OuRead Release|x86.Build.0 = Release|Win32
		{CB68A25F-E817-4142-BBD3-4FC7E6702055}.OutRead Debug|x86.ActiveCfg = Debug|Win32
		{CB68A25F-E817-4142-BBD3-4FC7E6702055}.OutRead Debug|x86.Build.0 = Debug|Win32
		{CB68A25F-E817-4142-BBD3-4FC7E6702055}.Release|x86.ActiveCfg = Release|Win32
		{CB68A25F-E817-4142-BBD3-4FC7E6702055}.Release|x86.Build.0 = Release|Win32
		{CB68A25F-E817-4142-BBD3-4FC7E6702055}.Server Debug|x86.ActiveCfg = Debug|Win32
		{CB68A25F-E817-4142-BBD3-4FC7E6702055}.Server Debug|x86.Build.0 = Debug|Win32
		{CB68A25F-E817-4142-BBD3-4FC7E6702055}.Server Release|x86.ActiveCfg = Release|Win32
		{CB68A25F-E817-4142-BBD3-4FC7E6702055}.Server Release|x86.Build.0 = Release|Win32
		{CB68A25F-E817-4142-BBD3-4FC7E6702055}.Template|x86.ActiveCfg = Template|Win32
		{CB68A25F-E817-4142-BBD3-4FC7E6702055}.Template|x86.Build.0 = Template|Win32
		{11F451DC-EF06-4CF0-A072-32E5A67C99D9}.Client Debug|x86.ActiveCfg = Debug|Win32
		{11F451DC-EF06-4CF0-A072-32E5A67C99D9}.Client Debug|x86.Build.0 = Debug|Win32
		{11F451DC-EF06-4CF0-A072-32E5A67C99D9}.Client Release|x86.ActiveCfg = Release|Win32
		{11F451DC-EF06-4CF0-A072-32E5A67C99D9}.Client Release|x86.Build.0 = Release|Win32
		{11F451DC-EF06-4CF0-A072-32E5A67C99D9}.Debug|x86.ActiveCfg = Debug|Win32
		{11F451DC-EF06-4CF0-A072-32E5A67C99D9}.Debug|x86.Build.0 = Debug|Win32
		{11F451DC-EF06-4CF0-A072-32E5A67C99D9}.OuRead Release|x86.ActiveCfg = Release|Win32
		{11F451DC-EF06-4CF0-A072-32E5A67C99D9}.OuRead Release|x86.Build.0 = Release|Win32
		{11F451DC-EF06-4CF0-A072-32E5A67C99D9}.OutRead Debug|x86.ActiveCfg = Debug|Win32
		{11F451DC-EF06-4CF0-A072-32E5A67C99D9}.OutRead Debug|x86.Build.0 = Debug|Win32
		{11F451DC-EF06-4CF0-A072-32E5A67C99D9}.Release|x86.ActiveCfg = Release|Win32
		{11F451DC-EF06-4CF0-A072-32E5A67C99D9}.Release|x86.Build.0 = Release|Win32
		{11F451DC-EF06-4CF0-A072-32E5A67C99D9}.Server Debug|x86.ActiveCfg = Debug|Win32
		{11F451DC-EF06-4CF0-A072-32E5A67C99D9}.Server Debug|x86.Build.0 = Debug|Win32
		{11F451DC-EF06-4CF0-A072-32E5A67C99D9}.Server Release|x86.ActiveCfg = Release|Win32
		{11F451DC-EF06-4CF0-A072-32E5A67C99D9}.Server Release|x86.Build.0 = Release|Win32
		{11F451DC-EF06-4CF0-A072-32E5A67C99D9}.Template|x86.ActiveCfg = Template|Win32
		{11F451DC-EF06-4CF0-A072-32E5A67C99D9}.Template|x86.Build.0 = Template|Win32
		{E6F2C9CA-A2B8-45CF-8183-8D392D5E491E}.Client Debug|x86.ActiveCfg = Debug|Win32
		{E6F2C9CA-A2B8-45CF-8183-8D392D5E491E}.Client Debug|x86.Build.0 = Debug|Win32
		{E6F2C9CA-A2B8-45CF-8183-8D392D5E491E}.Client Release|x86.ActiveCfg = Release|Win32
		{E6F2C9CA-A2B8-45CF-8183-8D392D5E491E}.Client Release|x86.Build.0 = Release|Win32
		{E6F2C9CA-A2B8-45CF-8183-8D392D5E491E}.Debug|x86.ActiveCfg = Debug|Win32
		{E6F2C9CA-A2B8-45CF-8183-8D392D5E491E}.Debug|x86.Build.0 = Debug|Win32
		{E6F2C9CA-A2B8-45CF-8183-8D392D5E491E}.OuRead Release|x86.ActiveCfg = Release|Win32
		{E6F2C9CA-A2B8-45CF-8183-8D392D5E491E}.OuRead Release|x86.Build.0 = Release|Win32
		{E6F2C9CA-A2B8-45CF-8183-8D392D5E491E}.OutRead Debug|x86.ActiveCfg = Debug|Win32
		{E6F2C9CA-A2B8-45CF-8183-8D392D5E491E}.OutRead Debug|x86.Build.0 = Debug|Win32
		{E6F2C9CA-A2B8-45CF-8183-8D392D5E491E}.Release|x86.ActiveCfg = Release|Win32
		{E6F2C9CA-A2B8-45CF-8183-8D392D5E491E}.Release|x86.Build.0 = Release|Win32
		{E6F2C9CA-A2B8-45CF-8183-8D392D5E491E}.Server Debug|x86.ActiveCfg = Debug|Win32
		{E6F2C9CA-A2B8-45CF-8183-8D392D5E491E}.Server Debug|x86.Build.0 = Debug|Win32
		{E6F2C9CA-A2B8-45CF-8183-8D392D5E491E}.Server Release|x86.ActiveCfg = Release|Win32
		{E6F2C9CA-A2B8-45CF-8183-8D392D5E491E}.Server Release|x86.Build.0 = Release|Win32
		{E6F2C9CA-A2B8-45CF-8183-8D392D5E491E}.Template|x86.ActiveCfg = Template|Win32
		{E6F2C9CA-A2B8-45CF-8183-8D392D5E491E}.Template|x86.Build.0 = Template|Win32
		{971E21E2-FC1F-4CCE-99EA-2C5AEA8F3A5A}.Client Debug|x86.ActiveCfg = Debug|Win32
		{971E21E2-FC1F-4CCE-99EA-2C5AEA8F3A5A}.Client Debug|x86.Build.0 = Debug|Win32
		{971E21E2-FC1F-4CCE-99EA-2C5AEA8F3A5A}.Client Release|x86.ActiveCfg = Release|Win32
		{971E21E2-FC1F-4CCE-99EA-2C5AEA8F3A5A}.Client Release|x86.Build.0 = Release|Win32
		{971E21E2-FC1F-4CCE-99EA-2C5AEA8F3A5A}.Debug|x86.ActiveCfg = Debug|Win32
		{971E21E2-FC1F-4CCE-99EA-2C5AEA8F3A5A}.Debug|x86.Build.0 = Debug|Win32
		{971E21E2-FC1F-4CCE-99EA-2C5AEA8F3A5A}.OuRead Release|x86.ActiveCfg = Release|Win32
		{971E21E2-FC1F-4CCE-99EA-2C5AEA8F3A5A}.OuRead Release|x86.Build.0 = Release|Win32
		{971E21E2-FC1F-4CCE-99EA-2C5AEA8F3A5A}.OutRead Debug|x86.ActiveCfg = Debug|Win32
		{971E21E2-FC1F-4CCE-99EA-2C5AEA8F3A5A}.OutRead Debug|x86.Build.0 = Debug|Win32
		{971E21E2-FC1F-4CCE-99EA-2C5AEA8F3A5A}.Release|x86.ActiveCfg = Release|Win32
		{971E21E2-FC1F-4CCE-99EA-2C5AEA8F3A5A}.Release|x86.Build.0 = Release|Win32
		{971E21E2-FC1F-4CCE-99EA-2C5AEA8F3A5A}.Server Debug|x86.ActiveCfg = Debug|Win32
		{971E21E2-FC1F-4CCE-99EA-2C5AEA8F3A5A}.Server Debug|x86.Build.0 = Debug|Win32
		{971E21E2-FC1F-4CCE-99EA-2C5AEA8F3A5A}.Server Release|x86.ActiveCfg = Release|Win32
		{971E21E2-FC1F-4CCE-99EA-2C5AEA8F3A5A}.Server Release|x86.Build.0 = Release|Win32
		{971E21E2-FC1F-4CCE-99EA-2C5AEA8F3A5A}.Template|x86.ActiveCfg = Template|Win32
		{971E21E2-FC1F-4CCE-99EA-2C5AEA8F3A5A}.Template|x86.Build.0 = Template|Win32
	EndGlobalSection
	GlobalSection(SolutionProperties) = preSolution
		HideSolutionNode = FALSE
	EndGlobalSection
	GlobalSection(ExtensibilityGlobals) = postSolution
		SolutionGuid = {2124F8E1-797B-47B3-8598-61776946C561}
	EndGlobalSection
EndGlobal
