<?xml version="1.0" encoding="utf-8"?>
<Project ToolsVersion="4.0" xmlns="http://schemas.microsoft.com/developer/msbuild/2003">
  <ItemGroup>
    <Filter Include="DLL Source Files">
      <UniqueIdentifier>{9c2d6b5d-0858-4127-b384-76d563b5279c}</UniqueIdentifier>
      <Extensions>cpp;c;cxx;rc;def;r;odl;idl;hpj;bat</Extensions>
    </Filter>
    <Filter Include="DLL Header Files">
      <UniqueIdentifier>{83a697a5-0a53-4917-b254-6925156d437a}</UniqueIdentifier>
      <Extensions>h;hpp;hxx;hm;inl</Extensions>
    </Filter>
    <Filter Include="ESClient">
      <UniqueIdentifier>{07f3ad38-0816-4d99-b926-dd9cb39b1dae}</UniqueIdentifier>
    </Filter>
    <Filter Include="ESClient\Source Files">
      <UniqueIdentifier>{e4c1be6a-275c-428e-8534-a5a1ef0de63c}</UniqueIdentifier>
    </Filter>
    <Filter Include="ESClient\Header Files">
      <UniqueIdentifier>{53d32003-c6b4-41e2-adc2-5cfcb9ea1e70}</UniqueIdentifier>
    </Filter>
    <Filter Include="Interface">
      <UniqueIdentifier>{66500b48-983b-40c4-a845-d1eabfa66f66}</UniqueIdentifier>
    </Filter>
    <Filter Include="Lib">
      <UniqueIdentifier>{cfe75844-7a49-4c44-8d1d-e775ca2dbb8d}</UniqueIdentifier>
    </Filter>
    <Filter Include="Lib\debug">
      <UniqueIdentifier>{24daa88d-c401-461b-b720-b5d9838e2a42}</UniqueIdentifier>
    </Filter>
    <Filter Include="Lib\release">
      <UniqueIdentifier>{5195d2ca-f908-4aa7-8ed2-f26906fd7ed7}</UniqueIdentifier>
    </Filter>
    <Filter Include="Resource Files">
      <UniqueIdentifier>{31a23c88-def0-4bcd-b32a-a106bdaa941c}</UniqueIdentifier>
      <Extensions>ico;cur;bmp;dlg;rc2;rct;bin;rgs;gif;jpg;jpeg;jpe</Extensions>
    </Filter>
  </ItemGroup>
  <ItemGroup>
    <ClCompile Include="IClient.cpp">
      <Filter>DLL Source Files</Filter>
    </ClCompile>
    <ClCompile Include="Rainbow.cpp">
      <Filter>DLL Source Files</Filter>
    </ClCompile>
    <ClCompile Include="ClientStage.cpp">
      <Filter>ESClient\Source Files</Filter>
    </ClCompile>
  </ItemGroup>
  <ItemGroup>
    <ClInclude Include="ClientStage.h">
      <Filter>ESClient\Header Files</Filter>
    </ClInclude>
    <ClInclude Include="Interface\IClient.h">
      <Filter>Interface</Filter>
    </ClInclude>
    <ClInclude Include="Interface\RainbowInterface.h">
      <Filter>Interface</Filter>
    </ClInclude>
  </ItemGroup>
  <ItemGroup>
    <Library Include="..\..\..\Lib\debug\common.lib">
      <Filter>Lib\debug</Filter>
    </Library>
    <Library Include="..\..\..\Lib\release\common.lib">
      <Filter>Lib\release</Filter>
    </Library>
  </ItemGroup>
  <ItemGroup>
    <CustomBuild Include="Rainbow.def">
      <Filter>DLL Header Files</Filter>
    </CustomBuild>
  </ItemGroup>
</Project>