<?xml version="1.0" encoding="utf-8"?>
<Project ToolsVersion="4.0" xmlns="http://schemas.microsoft.com/developer/msbuild/2003">
  <ItemGroup>
    <Filter Include="Source Files">
      <UniqueIdentifier>{1bdcd29b-d77b-4ee3-885e-b9f25317862c}</UniqueIdentifier>
      <Extensions>cpp;c;cxx;rc;def;r;odl;idl;hpj;bat</Extensions>
    </Filter>
    <Filter Include="Header Files">
      <UniqueIdentifier>{1175ba5d-176f-4a2a-99af-1928b24c2b4f}</UniqueIdentifier>
      <Extensions>h;hpp;hxx;hm;inl</Extensions>
    </Filter>
    <Filter Include="Lib">
      <UniqueIdentifier>{dbd2c2e0-12f7-4b64-8003-d408cc9a2d55}</UniqueIdentifier>
    </Filter>
    <Filter Include="Lib\debug">
      <UniqueIdentifier>{a3a4cd6e-cc02-4b53-9800-1a1d7c1954a9}</UniqueIdentifier>
    </Filter>
    <Filter Include="Lib\release">
      <UniqueIdentifier>{a17b005a-5578-4d88-960d-7782c90ba2ba}</UniqueIdentifier>
    </Filter>
    <Filter Include="Resource Files">
      <UniqueIdentifier>{8b3f75ae-e2de-4713-af3c-5190ffe7e903}</UniqueIdentifier>
      <Extensions>ico;cur;bmp;dlg;rc2;rct;bin;rgs;gif;jpg;jpeg;jpe</Extensions>
    </Filter>
  </ItemGroup>
  <ItemGroup>
    <ClCompile Include="D3D_Device.cpp">
      <Filter>Source Files</Filter>
    </ClCompile>
    <ClCompile Include="D3D_Shell.cpp">
      <Filter>Source Files</Filter>
    </ClCompile>
    <ClCompile Include="D3D_Utils.cpp">
      <Filter>Source Files</Filter>
    </ClCompile>
    <ClCompile Include="..\iRepresent\Font\KCharSet.cpp">
      <Filter>Source Files</Filter>
    </ClCompile>
    <ClCompile Include="..\iRepresent\Font\KFont3.cpp">
      <Filter>Source Files</Filter>
    </ClCompile>
    <ClCompile Include="..\iRepresent\Font\KFontData.cpp">
      <Filter>Source Files</Filter>
    </ClCompile>
    <ClCompile Include="..\iRepresent\Font\KFontRes.cpp">
      <Filter>Source Files</Filter>
    </ClCompile>
    <ClCompile Include="..\iRepresent\Font\KMRU.cpp">
      <Filter>Source Files</Filter>
    </ClCompile>
    <ClCompile Include="KRepresentShell3.cpp">
      <Filter>Source Files</Filter>
    </ClCompile>
    <ClCompile Include="precompile.cpp">
      <Filter>Source Files</Filter>
    </ClCompile>
    <ClCompile Include="..\iRepresent\RepresentUtility.cpp">
      <Filter>Source Files</Filter>
    </ClCompile>
    <ClCompile Include="..\iRepresent\Text\TextProcess.cpp">
      <Filter>Source Files</Filter>
    </ClCompile>
    <ClCompile Include="TextureRes.cpp">
      <Filter>Source Files</Filter>
    </ClCompile>
    <ClCompile Include="TextureResMgr.cpp">
      <Filter>Source Files</Filter>
    </ClCompile>
  </ItemGroup>
  <ItemGroup>
    <ClInclude Include="BaseInclude.h">
      <Filter>Header Files</Filter>
    </ClInclude>
    <ClInclude Include="D3D_Device.h">
      <Filter>Header Files</Filter>
    </ClInclude>
    <ClInclude Include="D3D_Shell.h">
      <Filter>Header Files</Filter>
    </ClInclude>
    <ClInclude Include="D3D_Utils.h">
      <Filter>Header Files</Filter>
    </ClInclude>
    <ClInclude Include="..\iRepresent\Font\KFont3.h">
      <Filter>Header Files</Filter>
    </ClInclude>
    <ClInclude Include="KRepresentShell3.h">
      <Filter>Header Files</Filter>
    </ClInclude>
    <ClInclude Include="precompile.h">
      <Filter>Header Files</Filter>
    </ClInclude>
    <ClInclude Include="..\iRepresent\Text\TextProcess.h">
      <Filter>Header Files</Filter>
    </ClInclude>
    <ClInclude Include="..\iRepresent\Text\TextProcessDef.h">
      <Filter>Header Files</Filter>
    </ClInclude>
    <ClInclude Include="TextureRes.h">
      <Filter>Header Files</Filter>
    </ClInclude>
    <ClInclude Include="TextureResMgr.h">
      <Filter>Header Files</Filter>
    </ClInclude>
  </ItemGroup>
  <ItemGroup>
    <Library Include="..\..\..\Lib\debug\engine.lib">
      <Filter>Lib\debug</Filter>
    </Library>
    <Library Include="..\..\..\Lib\release\engine.lib">
      <Filter>Lib\release</Filter>
    </Library>
  </ItemGroup>
</Project>